
Microsoft Visual Studio Solution File, Format Version 12.00
# Visual Studio Version 16
VisualStudioVersion = 16.0.31727.386
MinimumVisualStudioVersion = 10.0.40219.1
Project("{9A19103F-16F7-4668-BE54-9A1E7A4F7556}") = "HomeApp", "src\HomeApp\HomeApp.csproj", "{560CE415-DB7F-4393-BF66-36D8903E9479}"
EndProject
Project("{9A19103F-16F7-4668-BE54-9A1E7A4F7556}") = "HomeApp.Plugins", "src\HomeApp.Plugins\HomeApp.Plugins.csproj", "{E904BEC4-1DD8-4D53-B755-F2AF6773A53A}"
EndProject
Project("{9A19103F-16F7-4668-BE54-9A1E7A4F7556}") = "GreetingPlugin", "src\GreetingPlugin\GreetingPlugin.csproj", "{93D07F9B-7961-4C55-AD37-F6C674A6907C}"
EndProject
Project("{FAE04EC0-301F-11D3-BF4B-00C04F79EFBC}") = "HomeApp.Domain", "src\HomeApp.Domain\HomeApp.Domain.csproj", "{4B1C0CB2-364B-4226-8225-AF4A5689387C}"
EndProject
Project("{FAE04EC0-301F-11D3-BF4B-00C04F79EFBC}") = "UserProfilePlugin", "src\UserProfilePlugin\UserProfilePlugin.csproj", "{C5F52819-9ACC-4BF3-AB39-DAAD2DB1166D}"
EndProject
Global
	GlobalSection(SolutionConfigurationPlatforms) = preSolution
		Debug|Any CPU = Debug|Any CPU
		Release|Any CPU = Release|Any CPU
	EndGlobalSection
	GlobalSection(ProjectConfigurationPlatforms) = postSolution
		{560CE415-DB7F-4393-BF66-36D8903E9479}.Debug|Any CPU.ActiveCfg = Debug|Any CPU
		{560CE415-DB7F-4393-BF66-36D8903E9479}.Debug|Any CPU.Build.0 = Debug|Any CPU
		{560CE415-DB7F-4393-BF66-36D8903E9479}.Release|Any CPU.ActiveCfg = Release|Any CPU
		{560CE415-DB7F-4393-BF66-36D8903E9479}.Release|Any CPU.Build.0 = Release|Any CPU
		{E904BEC4-1DD8-4D53-B755-F2AF6773A53A}.Debug|Any CPU.ActiveCfg = Debug|Any CPU
		{E904BEC4-1DD8-4D53-B755-F2AF6773A53A}.Debug|Any CPU.Build.0 = Debug|Any CPU
		{E904BEC4-1DD8-4D53-B755-F2AF6773A53A}.Release|Any CPU.ActiveCfg = Release|Any CPU
		{E904BEC4-1DD8-4D53-B755-F2AF6773A53A}.Release|Any CPU.Build.0 = Release|Any CPU
		{93D07F9B-7961-4C55-AD37-F6C674A6907C}.Debug|Any CPU.ActiveCfg = Debug|Any CPU
		{93D07F9B-7961-4C55-AD37-F6C674A6907C}.Debug|Any CPU.Build.0 = Debug|Any CPU
		{93D07F9B-7961-4C55-AD37-F6C674A6907C}.Release|Any CPU.ActiveCfg = Release|Any CPU
		{93D07F9B-7961-4C55-AD37-F6C674A6907C}.Release|Any CPU.Build.0 = Release|Any CPU
		{4B1C0CB2-364B-4226-8225-AF4A5689387C}.Debug|Any CPU.ActiveCfg = Debug|Any CPU
		{4B1C0CB2-364B-4226-8225-AF4A5689387C}.Debug|Any CPU.Build.0 = Debug|Any CPU
		{4B1C0CB2-364B-4226-8225-AF4A5689387C}.Release|Any CPU.ActiveCfg = Release|Any CPU
		{4B1C0CB2-364B-4226-8225-AF4A5689387C}.Release|Any CPU.Build.0 = Release|Any CPU
		{C5F52819-9ACC-4BF3-AB39-DAAD2DB1166D}.Debug|Any CPU.ActiveCfg = Debug|Any CPU
		{C5F52819-9ACC-4BF3-AB39-DAAD2DB1166D}.Debug|Any CPU.Build.0 = Debug|Any CPU
		{C5F52819-9ACC-4BF3-AB39-DAAD2DB1166D}.Release|Any CPU.ActiveCfg = Release|Any CPU
		{C5F52819-9ACC-4BF3-AB39-DAAD2DB1166D}.Release|Any CPU.Build.0 = Release|Any CPU
	EndGlobalSection
	GlobalSection(SolutionProperties) = preSolution
		HideSolutionNode = FALSE
	EndGlobalSection
	GlobalSection(ExtensibilityGlobals) = postSolution
		SolutionGuid = {2FA1230B-06AB-4C25-BFA4-58D23A0A749A}
	EndGlobalSection
EndGlobal
